
Microsoft Visual Studio Solution File, Format Version 12.00
# Visual Studio Version 16
VisualStudioVersion = 16.0.28721.148
MinimumVisualStudioVersion = 15.0.26124.0
Project("{9A19103F-16F7-4668-BE54-9A1E7A4F7556}") = "Client", "Client\Client.csproj", "{5467E3C7-1C3F-4DAF-9F2D-1A5A9D2899D4}"
EndProject
Project("{9A19103F-16F7-4668-BE54-9A1E7A4F7556}") = "Server", "Server\Server.csproj", "{2F892381-383D-42A0-B790-1C3A9B8100B1}"
EndProject
Project("{FAE04EC0-301F-11D3-BF4B-00C04F79EFBC}") = "ServerTest", "ServerTest\ServerTest.csproj", "{832E06E6-AFFC-44F7-B74B-2A1810F2AB05}"
EndProject
Global
	GlobalSection(SolutionConfigurationPlatforms) = preSolution
		Debug|Any CPU = Debug|Any CPU
		Debug|x64 = Debug|x64
		Debug|x86 = Debug|x86
		Release|Any CPU = Release|Any CPU
		Release|x64 = Release|x64
		Release|x86 = Release|x86
	EndGlobalSection
	GlobalSection(ProjectConfigurationPlatforms) = postSolution
		{5467E3C7-1C3F-4DAF-9F2D-1A5A9D2899D4}.Debug|Any CPU.ActiveCfg = Debug|Any CPU
		{5467E3C7-1C3F-4DAF-9F2D-1A5A9D2899D4}.Debug|Any CPU.Build.0 = Debug|Any CPU
		{5467E3C7-1C3F-4DAF-9F2D-1A5A9D2899D4}.Debug|x64.ActiveCfg = Debug|Any CPU
		{5467E3C7-1C3F-4DAF-9F2D-1A5A9D2899D4}.Debug|x64.Build.0 = Debug|Any CPU
		{5467E3C7-1C3F-4DAF-9F2D-1A5A9D2899D4}.Debug|x86.ActiveCfg = Debug|Any CPU
		{5467E3C7-1C3F-4DAF-9F2D-1A5A9D2899D4}.Debug|x86.Build.0 = Debug|Any CPU
		{5467E3C7-1C3F-4DAF-9F2D-1A5A9D2899D4}.Release|Any CPU.ActiveCfg = Release|Any CPU
		{5467E3C7-1C3F-4DAF-9F2D-1A5A9D2899D4}.Release|Any CPU.Build.0 = Release|Any CPU
		{5467E3C7-1C3F-4DAF-9F2D-1A5A9D2899D4}.Release|x64.ActiveCfg = Release|Any CPU
		{5467E3C7-1C3F-4DAF-9F2D-1A5A9D2899D4}.Release|x64.Build.0 = Release|Any CPU
		{5467E3C7-1C3F-4DAF-9F2D-1A5A9D2899D4}.Release|x86.ActiveCfg = Release|Any CPU
		{5467E3C7-1C3F-4DAF-9F2D-1A5A9D2899D4}.Release|x86.Build.0 = Release|Any CPU
		{2F892381-383D-42A0-B790-1C3A9B8100B1}.Debug|Any CPU.ActiveCfg = Debug|Any CPU
		{2F892381-383D-42A0-B790-1C3A9B8100B1}.Debug|Any CPU.Build.0 = Debug|Any CPU
		{2F892381-383D-42A0-B790-1C3A9B8100B1}.Debug|x64.ActiveCfg = Debug|Any CPU
		{2F892381-383D-42A0-B790-1C3A9B8100B1}.Debug|x64.Build.0 = Debug|Any CPU
		{2F892381-383D-42A0-B790-1C3A9B8100B1}.Debug|x86.ActiveCfg = Debug|Any CPU
		{2F892381-383D-42A0-B790-1C3A9B8100B1}.Debug|x86.Build.0 = Debug|Any CPU
		{2F892381-383D-42A0-B790-1C3A9B8100B1}.Release|Any CPU.ActiveCfg = Release|Any CPU
		{2F892381-383D-42A0-B790-1C3A9B8100B1}.Release|Any CPU.Build.0 = Release|Any CPU
		{2F892381-383D-42A0-B790-1C3A9B8100B1}.Release|x64.ActiveCfg = Release|Any CPU
		{2F892381-383D-42A0-B790-1C3A9B8100B1}.Release|x64.Build.0 = Release|Any CPU
		{2F892381-383D-42A0-B790-1C3A9B8100B1}.Release|x86.ActiveCfg = Release|Any CPU
		{2F892381-383D-42A0-B790-1C3A9B8100B1}.Release|x86.Build.0 = Release|Any CPU
		{832E06E6-AFFC-44F7-B74B-2A1810F2AB05}.Debug|Any CPU.ActiveCfg = Debug|Any CPU
		{832E06E6-AFFC-44F7-B74B-2A1810F2AB05}.Debug|Any CPU.Build.0 = Debug|Any CPU
		{832E06E6-AFFC-44F7-B74B-2A1810F2AB05}.Debug|x64.ActiveCfg = Debug|Any CPU
		{832E06E6-AFFC-44F7-B74B-2A1810F2AB05}.Debug|x64.Build.0 = Debug|Any CPU
		{832E06E6-AFFC-44F7-B74B-2A1810F2AB05}.Debug|x86.ActiveCfg = Debug|Any CPU
		{832E06E6-AFFC-44F7-B74B-2A1810F2AB05}.Debug|x86.Build.0 = Debug|Any CPU
		{832E06E6-AFFC-44F7-B74B-2A1810F2AB05}.Release|Any CPU.ActiveCfg = Release|Any CPU
		{832E06E6-AFFC-44F7-B74B-2A1810F2AB05}.Release|Any CPU.Build.0 = Release|Any CPU
		{832E06E6-AFFC-44F7-B74B-2A1810F2AB05}.Release|x64.ActiveCfg = Release|Any CPU
		{832E06E6-AFFC-44F7-B74B-2A1810F2AB05}.Release|x64.Build.0 = Release|Any CPU
		{832E06E6-AFFC-44F7-B74B-2A1810F2AB05}.Release|x86.ActiveCfg = Release|Any CPU
		{832E06E6-AFFC-44F7-B74B-2A1810F2AB05}.Release|x86.Build.0 = Release|Any CPU
	EndGlobalSection
	GlobalSection(SolutionProperties) = preSolution
		HideSolutionNode = FALSE
	EndGlobalSection
	GlobalSection(ExtensibilityGlobals) = postSolution
		SolutionGuid = {58B2C0D3-ADC6-457B-9F57-8B8A29F7BA48}
	EndGlobalSection
EndGlobal
